
Microsoft Visual Studio Solution File, Format Version 12.00
# Visual Studio 15
VisualStudioVersion = 15.0.28307.645
MinimumVisualStudioVersion = 10.0.40219.1
Project("{FAE04EC0-301F-11D3-BF4B-00C04F79EFBC}") = "Sql.IO", "Sql.IO\Sql.IO.csproj", "{BA39A756-5205-4598-A967-C6955685908E}"
EndProject
Project("{FAE04EC0-301F-11D3-BF4B-00C04F79EFBC}") = "Sql.IOTests", "Sql.IOTests\Sql.IOTests.csproj", "{7DF91B1B-CF8F-4D09-8EAD-8EDC7883382A}"
EndProject
Project("{2150E333-8FDC-42A3-9474-1A3956D46DE8}") = "Docs", "Docs", "{D433457D-0147-4FCD-B327-1D3259C20DE1}"
	ProjectSection(SolutionItems) = preProject
		Setup.txt = Setup.txt
	EndProjectSection
EndProject
Global
	GlobalSection(SolutionConfigurationPlatforms) = preSolution
		Debug|Any CPU = Debug|Any CPU
		Release|Any CPU = Release|Any CPU
	EndGlobalSection
	GlobalSection(ProjectConfigurationPlatforms) = postSolution
		{BA39A756-5205-4598-A967-C6955685908E}.Debug|Any CPU.ActiveCfg = Debug|Any CPU
		{BA39A756-5205-4598-A967-C6955685908E}.Debug|Any CPU.Build.0 = Debug|Any CPU
		{BA39A756-5205-4598-A967-C6955685908E}.Release|Any CPU.ActiveCfg = Release|Any CPU
		{BA39A756-5205-4598-A967-C6955685908E}.Release|Any CPU.Build.0 = Release|Any CPU
		{7DF91B1B-CF8F-4D09-8EAD-8EDC7883382A}.Debug|Any CPU.ActiveCfg = Debug|Any CPU
		{7DF91B1B-CF8F-4D09-8EAD-8EDC7883382A}.Debug|Any CPU.Build.0 = Debug|Any CPU
		{7DF91B1B-CF8F-4D09-8EAD-8EDC7883382A}.Release|Any CPU.ActiveCfg = Release|Any CPU
		{7DF91B1B-CF8F-4D09-8EAD-8EDC7883382A}.Release|Any CPU.Build.0 = Release|Any CPU
	EndGlobalSection
	GlobalSection(SolutionProperties) = preSolution
		HideSolutionNode = FALSE
	EndGlobalSection
	GlobalSection(ExtensibilityGlobals) = postSolution
		SolutionGuid = {CB4224D6-D298-4978-AEE5-ECEB4BEBF5C1}
	EndGlobalSection
EndGlobal
